
Microsoft Visual Studio Solution File, Format Version 12.00
Project("{FAE04EC0-301F-11D3-BF4B-00C04F79EFBC}") = "DittoServer", "DittoServer.csproj", "{D9D277D6-40B4-4A92-A0D7-FFEAE2BA99C7}"
EndProject
Project("{FAE04EC0-301F-11D3-BF4B-00C04F79EFBC}") = "DittoServerCore", "..\DittoServerCore\DittoServerCore.csproj", "{4A45716A-5C08-4D34-A4C4-BE8D7836F3B2}"
EndProject
Project("{FAE04EC0-301F-11D3-BF4B-00C04F79EFBC}") = "TestClient", "..\TestClient\TestClient.csproj", "{BB5C67C0-05C7-44AD-B803-11009237AE51}"
EndProject
Global
	GlobalSection(SolutionConfigurationPlatforms) = preSolution
		Debug|Any CPU = Debug|Any CPU
		Release|Any CPU = Release|Any CPU
	EndGlobalSection
	GlobalSection(ProjectConfigurationPlatforms) = postSolution
		{D9D277D6-40B4-4A92-A0D7-FFEAE2BA99C7}.Debug|Any CPU.ActiveCfg = Debug|Any CPU
		{D9D277D6-40B4-4A92-A0D7-FFEAE2BA99C7}.Debug|Any CPU.Build.0 = Debug|Any CPU
		{D9D277D6-40B4-4A92-A0D7-FFEAE2BA99C7}.Release|Any CPU.ActiveCfg = Release|Any CPU
		{D9D277D6-40B4-4A92-A0D7-FFEAE2BA99C7}.Release|Any CPU.Build.0 = Release|Any CPU
		{4A45716A-5C08-4D34-A4C4-BE8D7836F3B2}.Debug|Any CPU.ActiveCfg = Debug|Any CPU
		{4A45716A-5C08-4D34-A4C4-BE8D7836F3B2}.Debug|Any CPU.Build.0 = Debug|Any CPU
		{4A45716A-5C08-4D34-A4C4-BE8D7836F3B2}.Release|Any CPU.ActiveCfg = Release|Any CPU
		{4A45716A-5C08-4D34-A4C4-BE8D7836F3B2}.Release|Any CPU.Build.0 = Release|Any CPU
		{BB5C67C0-05C7-44AD-B803-11009237AE51}.Debug|Any CPU.ActiveCfg = Debug|Any CPU
		{BB5C67C0-05C7-44AD-B803-11009237AE51}.Debug|Any CPU.Build.0 = Debug|Any CPU
		{BB5C67C0-05C7-44AD-B803-11009237AE51}.Release|Any CPU.ActiveCfg = Release|Any CPU
		{BB5C67C0-05C7-44AD-B803-11009237AE51}.Release|Any CPU.Build.0 = Release|Any CPU
	EndGlobalSection
EndGlobal
